
Microsoft Visual Studio Solution File, Format Version 12.00
# Visual Studio 2013
VisualStudioVersion = 12.0.21005.1
MinimumVisualStudioVersion = 10.0.40219.1
Project("{8BC9CEB8-8B4A-11D0-8D11-00A0C91BC942}") = "Files", "Files\Files.vcxproj", "{2D30898D-57FE-45A7-8E1F-E11C48FC9CCF}"
EndProject
Project("{8BC9CEB8-8B4A-11D0-8D11-00A0C91BC942}") = "STBLLIB", "STBLLIB\STBLLIB.vcxproj", "{A77B9CB2-A87E-47D0-A6FC-6B492D5E7A6B}"
EndProject
Project("{8BC9CEB8-8B4A-11D0-8D11-00A0C91BC942}") = "STMFlashLoader", "STMFlashLoader\STMFlashLoader.vcxproj", "{4280809C-C957-4936-B973-EC583C848F55}"
EndProject
Project("{8BC9CEB8-8B4A-11D0-8D11-00A0C91BC942}") = "STUARTBLLIB", "STUARTBLLIB\STUARTBLLIB.vcxproj", "{A4800903-B1B0-4A24-885F-5052E808E28E}"
EndProject
Global
	GlobalSection(SolutionConfigurationPlatforms) = preSolution
		CD_ROM|Win32 = CD_ROM|Win32
		CD_ROM|x64 = CD_ROM|x64
		Debug|Win32 = Debug|Win32
		Debug|x64 = Debug|x64
		DVD-5|Win32 = DVD-5|Win32
		DVD-5|x64 = DVD-5|x64
		Release|Win32 = Release|Win32
		Release|x64 = Release|x64
		SingleImage|Win32 = SingleImage|Win32
		SingleImage|x64 = SingleImage|x64
		Template|Win32 = Template|Win32
		Template|x64 = Template|x64
	EndGlobalSection
	GlobalSection(ProjectConfigurationPlatforms) = postSolution
		{2D30898D-57FE-45A7-8E1F-E11C48FC9CCF}.CD_ROM|Win32.ActiveCfg = Release|Win32
		{2D30898D-57FE-45A7-8E1F-E11C48FC9CCF}.CD_ROM|Win32.Build.0 = Release|Win32
		{2D30898D-57FE-45A7-8E1F-E11C48FC9CCF}.CD_ROM|x64.ActiveCfg = Release|x64
		{2D30898D-57FE-45A7-8E1F-E11C48FC9CCF}.CD_ROM|x64.Build.0 = Release|x64
		{2D30898D-57FE-45A7-8E1F-E11C48FC9CCF}.Debug|Win32.ActiveCfg = Debug|Win32
		{2D30898D-57FE-45A7-8E1F-E11C48FC9CCF}.Debug|Win32.Build.0 = Debug|Win32
		{2D30898D-57FE-45A7-8E1F-E11C48FC9CCF}.Debug|x64.ActiveCfg = Debug|x64
		{2D30898D-57FE-45A7-8E1F-E11C48FC9CCF}.Debug|x64.Build.0 = Debug|x64
		{2D30898D-57FE-45A7-8E1F-E11C48FC9CCF}.DVD-5|Win32.ActiveCfg = Debug|Win32
		{2D30898D-57FE-45A7-8E1F-E11C48FC9CCF}.DVD-5|Win32.Build.0 = Debug|Win32
		{2D30898D-57FE-45A7-8E1F-E11C48FC9CCF}.DVD-5|x64.ActiveCfg = Debug|x64
		{2D30898D-57FE-45A7-8E1F-E11C48FC9CCF}.DVD-5|x64.Build.0 = Debug|x64
		{2D30898D-57FE-45A7-8E1F-E11C48FC9CCF}.Release|Win32.ActiveCfg = Release|Win32
		{2D30898D-57FE-45A7-8E1F-E11C48FC9CCF}.Release|Win32.Build.0 = Release|Win32
		{2D30898D-57FE-45A7-8E1F-E11C48FC9CCF}.Release|x64.ActiveCfg = Release|x64
		{2D30898D-57FE-45A7-8E1F-E11C48FC9CCF}.Release|x64.Build.0 = Release|x64
		{2D30898D-57FE-45A7-8E1F-E11C48FC9CCF}.SingleImage|Win32.ActiveCfg = Release|Win32
		{2D30898D-57FE-45A7-8E1F-E11C48FC9CCF}.SingleImage|Win32.Build.0 = Release|Win32
		{2D30898D-57FE-45A7-8E1F-E11C48FC9CCF}.SingleImage|x64.ActiveCfg = Release|x64
		{2D30898D-57FE-45A7-8E1F-E11C48FC9CCF}.SingleImage|x64.Build.0 = Release|x64
		{2D30898D-57FE-45A7-8E1F-E11C48FC9CCF}.Template|Win32.ActiveCfg = Release|Win32
		{2D30898D-57FE-45A7-8E1F-E11C48FC9CCF}.Template|Win32.Build.0 = Release|Win32
		{2D30898D-57FE-45A7-8E1F-E11C48FC9CCF}.Template|x64.ActiveCfg = Release|x64
		{2D30898D-57FE-45A7-8E1F-E11C48FC9CCF}.Template|x64.Build.0 = Release|x64
		{A77B9CB2-A87E-47D0-A6FC-6B492D5E7A6B}.CD_ROM|Win32.ActiveCfg = Template|Win32
		{A77B9CB2-A87E-47D0-A6FC-6B492D5E7A6B}.CD_ROM|Win32.Build.0 = Template|Win32
		{A77B9CB2-A87E-47D0-A6FC-6B492D5E7A6B}.CD_ROM|x64.ActiveCfg = Template|x64
		{A77B9CB2-A87E-47D0-A6FC-6B492D5E7A6B}.CD_ROM|x64.Build.0 = Template|x64
		{A77B9CB2-A87E-47D0-A6FC-6B492D5E7A6B}.Debug|Win32.ActiveCfg = Debug|Win32
		{A77B9CB2-A87E-47D0-A6FC-6B492D5E7A6B}.Debug|Win32.Build.0 = Debug|Win32
		{A77B9CB2-A87E-47D0-A6FC-6B492D5E7A6B}.Debug|x64.ActiveCfg = Debug|x64
		{A77B9CB2-A87E-47D0-A6FC-6B492D5E7A6B}.Debug|x64.Build.0 = Debug|x64
		{A77B9CB2-A87E-47D0-A6FC-6B492D5E7A6B}.DVD-5|Win32.ActiveCfg = Debug|Win32
		{A77B9CB2-A87E-47D0-A6FC-6B492D5E7A6B}.DVD-5|Win32.Build.0 = Debug|Win32
		{A77B9CB2-A87E-47D0-A6FC-6B492D5E7A6B}.DVD-5|x64.ActiveCfg = Debug|x64
		{A77B9CB2-A87E-47D0-A6FC-6B492D5E7A6B}.DVD-5|x64.Build.0 = Debug|x64
		{A77B9CB2-A87E-47D0-A6FC-6B492D5E7A6B}.Release|Win32.ActiveCfg = Release|Win32
		{A77B9CB2-A87E-47D0-A6FC-6B492D5E7A6B}.Release|Win32.Build.0 = Release|Win32
		{A77B9CB2-A87E-47D0-A6FC-6B492D5E7A6B}.Release|x64.ActiveCfg = Release|x64
		{A77B9CB2-A87E-47D0-A6FC-6B492D5E7A6B}.Release|x64.Build.0 = Release|x64
		{A77B9CB2-A87E-47D0-A6FC-6B492D5E7A6B}.SingleImage|Win32.ActiveCfg = Template|Win32
		{A77B9CB2-A87E-47D0-A6FC-6B492D5E7A6B}.SingleImage|Win32.Build.0 = Template|Win32
		{A77B9CB2-A87E-47D0-A6FC-6B492D5E7A6B}.SingleImage|x64.ActiveCfg = Template|x64
		{A77B9CB2-A87E-47D0-A6FC-6B492D5E7A6B}.SingleImage|x64.Build.0 = Template|x64
		{A77B9CB2-A87E-47D0-A6FC-6B492D5E7A6B}.Template|Win32.ActiveCfg = Template|Win32
		{A77B9CB2-A87E-47D0-A6FC-6B492D5E7A6B}.Template|Win32.Build.0 = Template|Win32
		{A77B9CB2-A87E-47D0-A6FC-6B492D5E7A6B}.Template|x64.ActiveCfg = Template|x64
		{A77B9CB2-A87E-47D0-A6FC-6B492D5E7A6B}.Template|x64.Build.0 = Template|x64
		{4280809C-C957-4936-B973-EC583C848F55}.CD_ROM|Win32.ActiveCfg = Template|Win32
		{4280809C-C957-4936-B973-EC583C848F55}.CD_ROM|Win32.Build.0 = Template|Win32
		{4280809C-C957-4936-B973-EC583C848F55}.CD_ROM|x64.ActiveCfg = Template|x64
		{4280809C-C957-4936-B973-EC583C848F55}.CD_ROM|x64.Build.0 = Template|x64
		{4280809C-C957-4936-B973-EC583C848F55}.Debug|Win32.ActiveCfg = Debug|Win32
		{4280809C-C957-4936-B973-EC583C848F55}.Debug|Win32.Build.0 = Debug|Win32
		{4280809C-C957-4936-B973-EC583C848F55}.Debug|x64.ActiveCfg = Debug|x64
		{4280809C-C957-4936-B973-EC583C848F55}.Debug|x64.Build.0 = Debug|x64
		{4280809C-C957-4936-B973-EC583C848F55}.DVD-5|Win32.ActiveCfg = Debug|Win32
		{4280809C-C957-4936-B973-EC583C848F55}.DVD-5|Win32.Build.0 = Debug|Win32
		{4280809C-C957-4936-B973-EC583C848F55}.DVD-5|x64.ActiveCfg = Debug|x64
		{4280809C-C957-4936-B973-EC583C848F55}.DVD-5|x64.Build.0 = Debug|x64
		{4280809C-C957-4936-B973-EC583C848F55}.Release|Win32.ActiveCfg = Release|Win32
		{4280809C-C957-4936-B973-EC583C848F55}.Release|Win32.Build.0 = Release|Win32
		{4280809C-C957-4936-B973-EC583C848F55}.Release|x64.ActiveCfg = Release|x64
		{4280809C-C957-4936-B973-EC583C848F55}.Release|x64.Build.0 = Release|x64
		{4280809C-C957-4936-B973-EC583C848F55}.SingleImage|Win32.ActiveCfg = Template|Win32
		{4280809C-C957-4936-B973-EC583C848F55}.SingleImage|Win32.Build.0 = Template|Win32
		{4280809C-C957-4936-B973-EC583C848F55}.SingleImage|x64.ActiveCfg = Template|x64
		{4280809C-C957-4936-B973-EC583C848F55}.SingleImage|x64.Build.0 = Template|x64
		{4280809C-C957-4936-B973-EC583C848F55}.Template|Win32.ActiveCfg = Template|Win32
		{4280809C-C957-4936-B973-EC583C848F55}.Template|Win32.Build.0 = Template|Win32
		{4280809C-C957-4936-B973-EC583C848F55}.Template|x64.ActiveCfg = Template|x64
		{4280809C-C957-4936-B973-EC583C848F55}.Template|x64.Build.0 = Template|x64
		{A4800903-B1B0-4A24-885F-5052E808E28E}.CD_ROM|Win32.ActiveCfg = Template|Win32
		{A4800903-B1B0-4A24-885F-5052E808E28E}.CD_ROM|Win32.Build.0 = Template|Win32
		{A4800903-B1B0-4A24-885F-5052E808E28E}.CD_ROM|x64.ActiveCfg = Template|x64
		{A4800903-B1B0-4A24-885F-5052E808E28E}.CD_ROM|x64.Build.0 = Template|x64
		{A4800903-B1B0-4A24-885F-5052E808E28E}.Debug|Win32.ActiveCfg = Debug|Win32
		{A4800903-B1B0-4A24-885F-5052E808E28E}.Debug|Win32.Build.0 = Debug|Win32
		{A4800903-B1B0-4A24-885F-5052E808E28E}.Debug|x64.ActiveCfg = Debug|x64
		{A4800903-B1B0-4A24-885F-5052E808E28E}.Debug|x64.Build.0 = Debug|x64
		{A4800903-B1B0-4A24-885F-5052E808E28E}.DVD-5|Win32.ActiveCfg = Debug|Win32
		{A4800903-B1B0-4A24-885F-5052E808E28E}.DVD-5|Win32.Build.0 = Debug|Win32
		{A4800903-B1B0-4A24-885F-5052E808E28E}.DVD-5|x64.ActiveCfg = Debug|x64
		{A4800903-B1B0-4A24-885F-5052E808E28E}.DVD-5|x64.Build.0 = Debug|x64
		{A4800903-B1B0-4A24-885F-5052E808E28E}.Release|Win32.ActiveCfg = Release|Win32
		{A4800903-B1B0-4A24-885F-5052E808E28E}.Release|Win32.Build.0 = Release|Win32
		{A4800903-B1B0-4A24-885F-5052E808E28E}.Release|x64.ActiveCfg = Release|x64
		{A4800903-B1B0-4A24-885F-5052E808E28E}.Release|x64.Build.0 = Release|x64
		{A4800903-B1B0-4A24-885F-5052E808E28E}.SingleImage|Win32.ActiveCfg = Template|Win32
		{A4800903-B1B0-4A24-885F-5052E808E28E}.SingleImage|Win32.Build.0 = Template|Win32
		{A4800903-B1B0-4A24-885F-5052E808E28E}.SingleImage|x64.ActiveCfg = Template|x64
		{A4800903-B1B0-4A24-885F-5052E808E28E}.SingleImage|x64.Build.0 = Template|x64
		{A4800903-B1B0-4A24-885F-5052E808E28E}.Template|Win32.ActiveCfg = Template|Win32
		{A4800903-B1B0-4A24-885F-5052E808E28E}.Template|Win32.Build.0 = Template|Win32
		{A4800903-B1B0-4A24-885F-5052E808E28E}.Template|x64.ActiveCfg = Template|x64
		{A4800903-B1B0-4A24-885F-5052E808E28E}.Template|x64.Build.0 = Template|x64
	EndGlobalSection
	GlobalSection(SolutionProperties) = preSolution
		HideSolutionNode = FALSE
	EndGlobalSection
EndGlobal
